# fpa.lock -- pinned foreign prompts.
#
# Each line: <id> <version> sha256:<digest> <url>
# An agent resolving one of these MUST refuse bytes whose digest is not the
# one pinned here. Updating a pin is a reviewed diff, not a surprise.
#
# Regenerate with bin/fp-lock. Check with bin/fp-lock --check.

bug-repro 1.0.0 sha256:f6d3c59d88e4d89b242c5f67576da499859a25331f1ef2068ff62c41163c460c https://raw.githubusercontent.com/f-prompts/fpa/main/prompts/bug-repro/1.0.0.prompt.md
fpa-bootstrap 2.0.0 sha256:29a57f152f064a2148d63bc5562953037902c68993dd97989e1912f6e001bec9 https://raw.githubusercontent.com/f-prompts/fpa/main/prompts/fpa-bootstrap/2.0.0.prompt.md
grill-me 1.0.0 sha256:a50e381d57f87f633904e52c0fab21dd344df9eb76eeaaf138c41d7c9c9bc6d3 https://raw.githubusercontent.com/f-prompts/fpa/main/prompts/grill-me/1.0.0.prompt.md
pr-review 2.0.0 sha256:42eefbbc11cd3340f9616ab4bbb60890219e8e747289f15588786ef666871e0d https://raw.githubusercontent.com/f-prompts/fpa/main/prompts/pr-review/2.0.0.prompt.md
repo-recon 1.0.0 sha256:b8fb834207455dcaabf28258df40bebf154e43d951d4e1dea6b8eeb02f226cca https://raw.githubusercontent.com/f-prompts/fpa/main/prompts/repo-recon/1.0.0.prompt.md
