# fpa.lock -- pinned foreign prompts.
#
# Each line: <id> <version> sha256:<digest> <url>
# An agent resolving one of these MUST refuse bytes whose digest is not the
# one pinned here. Updating a pin is a reviewed diff, not a surprise.
#
# Regenerate with bin/fp-lock. Check with bin/fp-lock --check.

bug-repro 1.0.0 sha256:a1470b3cf3d5b8eaf24f526e71fd8f99fe9998b1927338090dae91d2a9b33247 https://raw.githubusercontent.com/agent-realm/foreign-prompts/main/prompts/bug-repro.prompt.md
fpa-bootstrap 2.0.0 sha256:13e520128c3a2be9e4e669022a4546aa2a78a1b89b0ae6fc4f0712019b2aa32f https://raw.githubusercontent.com/agent-realm/foreign-prompts/main/prompts/fpa-bootstrap.prompt.md
grill-me 1.0.0 sha256:d05f1aece953acf0b0ad173e1352129e4fdc76981732c6e62bafae3651f6fcf9 https://raw.githubusercontent.com/agent-realm/foreign-prompts/main/prompts/grill-me.prompt.md
pr-review 1.2.0 sha256:2add881744b4b205c2ba6bc5b6beff106951cf629e832b1dc1d0c7f3cc439634 https://raw.githubusercontent.com/agent-realm/foreign-prompts/main/prompts/pr-review.prompt.md
repo-recon 1.0.0 sha256:0ee1331bb6d7ea6c626c79a6aace0f419c58137cdd3c563f9f795cdc3133f2af https://raw.githubusercontent.com/agent-realm/foreign-prompts/main/prompts/repo-recon.prompt.md
