# fpa.lock -- pinned foreign prompts.
#
# Each line: <id> <version> sha256:<digest> <url>
# An agent resolving one of these MUST refuse bytes whose digest is not the
# one pinned here. Updating a pin is a reviewed diff, not a surprise.
#
# Regenerate with bin/fp-lock. Check with bin/fp-lock --check.

bug-repro 1.0.0 sha256:6ce2af47a6bfe53800b382b016fbafd98fe449b7b609f7a8a1fc0d60def9e27e https://raw.githubusercontent.com/frompt-org/protocol/main/prompts/bug-repro/1.0.0.frompt.md
fpa-bootstrap 2.1.0 sha256:d0e33d0004f63f81b11b39b7b1f35f0ccdb05da21acc96602d7d8c8f8df856a5 https://raw.githubusercontent.com/frompt-org/protocol/main/prompts/fpa-bootstrap/2.1.0.frompt.md
grill-me 1.0.0 sha256:2992a1b12f4a26abc1e6cc8046e64d3995ab4b3722ded4201c1607b1f0f21687 https://raw.githubusercontent.com/frompt-org/protocol/main/prompts/grill-me/1.0.0.frompt.md
pr-review 2.0.1 sha256:c3ced2830a2f0634cfd76bcbdba6cba5e1c7bb7071082a62c7df9845a98c80de https://raw.githubusercontent.com/frompt-org/protocol/main/prompts/pr-review/2.0.1.frompt.md
repo-recon 1.1.0 sha256:31c1785acb46afbcd43ef28e83347c4e6c55c9cad43ae569ff045a6af5a9c615 https://raw.githubusercontent.com/frompt-org/protocol/main/prompts/repo-recon/1.1.0.frompt.md
